
Microsoft Visual Studio Solution File, Format Version 12.00
# Visual Studio Version 17
VisualStudioVersion = 17.7.34018.315
MinimumVisualStudioVersion = 10.0.40219.1
Project("{FAE04EC0-301F-11D3-BF4B-00C04F79EFBC}") = "WebAnime.MVC", "WebAnime.MVC\WebAnime.MVC.csproj", "{C2927664-FCA8-4185-8593-DF4AA7538D82}"
EndProject
Project("{FAE04EC0-301F-11D3-BF4B-00C04F79EFBC}") = "DataModels", "DataModels\DataModels.csproj", "{892BA34A-F389-4899-AE77-0C598EC016ED}"
EndProject
Project("{FAE04EC0-301F-11D3-BF4B-00C04F79EFBC}") = "WebAnime.APINetCore", "WebAnime.APINetCore\WebAnime.APINetCore.csproj", "{68608479-4744-4C6A-B04B-909A01C35F5D}"
EndProject
Project("{FAE04EC0-301F-11D3-BF4B-00C04F79EFBC}") = "ViewModels", "ViewModels\ViewModels.csproj", "{D9099FE9-CFB8-448B-8179-70F4D27E1A00}"
EndProject
Global
	GlobalSection(SolutionConfigurationPlatforms) = preSolution
		Debug|Any CPU = Debug|Any CPU
		Release|Any CPU = Release|Any CPU
	EndGlobalSection
	GlobalSection(ProjectConfigurationPlatforms) = postSolution
		{C2927664-FCA8-4185-8593-DF4AA7538D82}.Debug|Any CPU.ActiveCfg = Debug|Any CPU
		{C2927664-FCA8-4185-8593-DF4AA7538D82}.Debug|Any CPU.Build.0 = Debug|Any CPU
		{C2927664-FCA8-4185-8593-DF4AA7538D82}.Release|Any CPU.ActiveCfg = Release|Any CPU
		{C2927664-FCA8-4185-8593-DF4AA7538D82}.Release|Any CPU.Build.0 = Release|Any CPU
		{892BA34A-F389-4899-AE77-0C598EC016ED}.Debug|Any CPU.ActiveCfg = Debug|Any CPU
		{892BA34A-F389-4899-AE77-0C598EC016ED}.Debug|Any CPU.Build.0 = Debug|Any CPU
		{892BA34A-F389-4899-AE77-0C598EC016ED}.Release|Any CPU.ActiveCfg = Release|Any CPU
		{892BA34A-F389-4899-AE77-0C598EC016ED}.Release|Any CPU.Build.0 = Release|Any CPU
		{68608479-4744-4C6A-B04B-909A01C35F5D}.Debug|Any CPU.ActiveCfg = Debug|Any CPU
		{68608479-4744-4C6A-B04B-909A01C35F5D}.Debug|Any CPU.Build.0 = Debug|Any CPU
		{68608479-4744-4C6A-B04B-909A01C35F5D}.Release|Any CPU.ActiveCfg = Release|Any CPU
		{68608479-4744-4C6A-B04B-909A01C35F5D}.Release|Any CPU.Build.0 = Release|Any CPU
		{D9099FE9-CFB8-448B-8179-70F4D27E1A00}.Debug|Any CPU.ActiveCfg = Debug|Any CPU
		{D9099FE9-CFB8-448B-8179-70F4D27E1A00}.Debug|Any CPU.Build.0 = Debug|Any CPU
		{D9099FE9-CFB8-448B-8179-70F4D27E1A00}.Release|Any CPU.ActiveCfg = Release|Any CPU
		{D9099FE9-CFB8-448B-8179-70F4D27E1A00}.Release|Any CPU.Build.0 = Release|Any CPU
	EndGlobalSection
	GlobalSection(SolutionProperties) = preSolution
		HideSolutionNode = FALSE
	EndGlobalSection
	GlobalSection(ExtensibilityGlobals) = postSolution
		SolutionGuid = {06466A11-993F-4C9F-9C0C-0098BE5B01BC}
	EndGlobalSection
EndGlobal
